{"1.1.0",
[{<<"goldrush">>,{pkg,<<"goldrush">>,<<"0.1.9">>},1},
 {<<"lager">>,{pkg,<<"lager">>,<<"3.8.0">>},0},
 {<<"rocksdb">>,{pkg,<<"rocksdb">>,<<"1.4.0">>},0}]}.
[
{pkg_hash,[
 {<<"goldrush">>, <<"F06E5D5F1277DA5C413E84D5A2924174182FB108DABB39D5EC548B27424CD106">>},
 {<<"lager">>, <<"3402B9A7E473680CA179FC2F1D827CAB88DD37DD1E6113090C6F45EF05228A1C">>},
 {<<"rocksdb">>, <<"F8E817D475E10A05B8BEB4A67E944A2FAB0029CBB0646CC93C503D931A062F11">>}]}
].
